# THIS IS AN AUTOGENERATED FILE. DO NOT EDIT THIS FILE DIRECTLY.
# yarn lockfile v1


"@babel/code-frame@^7.10.4":
  "integrity" "sha512-RJlIHRueQgwWitWgF8OdFYGZX328Ax5BCemNGlqHfplnRT9ESi8JkFlvaVYbS+UubVY6dpv87Fs2u5M29iNFVQ=="
  "resolved" "https://registry.npmjs.org/@babel/code-frame/-/code-frame-7.26.2.tgz"
  "version" "7.26.2"
  dependencies:
    "@babel/helper-validator-identifier" "^7.25.9"
    "js-tokens" "^4.0.0"
    "picocolors" "^1.0.0"

"@babel/helper-string-parser@^7.25.9":
  "integrity" "sha512-4A/SCr/2KLd5jrtOMFzaKjVtAei3+2r/NChoBNoZ3EyP/+GlhoaEGoWOZUmFmoITP7zOJyHIMm+DYRd8o3PvHA=="
  "resolved" "https://registry.npmmirror.com/@babel/helper-string-parser/-/helper-string-parser-7.25.9.tgz"
  "version" "7.25.9"

"@babel/helper-validator-identifier@^7.25.9":
  "integrity" "sha512-Ed61U6XJc3CVRfkERJWDz4dJwKe7iLmmJsbOGu9wSloNSFttHV0I8g6UAgb7qnK5ly5bGLPd4oXZlxCdANBOWQ=="
  "resolved" "https://registry.npmmirror.com/@babel/helper-validator-identifier/-/helper-validator-identifier-7.25.9.tgz"
  "version" "7.25.9"

"@babel/parser@^7.25.3":
  "integrity" "sha512-DWMCZH9WA4Maitz2q21SRKHo9QXZxkDsbNZoVD62gusNtNBBqDg9i7uOhASfTfIGNzW+O+r7+jAlM8dwphcJKQ=="
  "resolved" "https://registry.npmmirror.com/@babel/parser/-/parser-7.26.2.tgz"
  "version" "7.26.2"
  dependencies:
    "@babel/types" "^7.26.0"

"@babel/types@^7.26.0":
  "integrity" "sha512-Z/yiTPj+lDVnF7lWeKCIJzaIkI0vYO87dMpZ4bg4TDrFe4XXLFWL1TbXU27gBP3QccxV9mZICCrnjnYlJjXHOA=="
  "resolved" "https://registry.npmmirror.com/@babel/types/-/types-7.26.0.tgz"
  "version" "7.26.0"
  dependencies:
    "@babel/helper-string-parser" "^7.25.9"
    "@babel/helper-validator-identifier" "^7.25.9"

"@ctrl/tinycolor@^3.4.1":
  "integrity" "sha512-SITSV6aIXsuVNV3f3O0f2n/cgyEDWoSqtZMYiAmcsYHydcKrOz3gUxB/iXd/Qf08+IZX4KpgNbvUdMBmWz+kcA=="
  "resolved" "https://registry.npmjs.org/@ctrl/tinycolor/-/tinycolor-3.6.1.tgz"
  "version" "3.6.1"

"@element-plus/icons-vue@^2.3.1":
  "integrity" "sha512-XxVUZv48RZAd87ucGS48jPf6pKu0yV5UCg9f4FFwtrYxXOwWuVJo6wOvSLKEoMQKjv8GsX/mhP6UsC1lRwbUWg=="
  "resolved" "https://registry.npmjs.org/@element-plus/icons-vue/-/icons-vue-2.3.1.tgz"
  "version" "2.3.1"

"@floating-ui/core@^1.6.0":
  "integrity" "sha512-7XJ9cPU+yI2QeLS+FCSlqNFZJq8arvswefkZrYI1yQBbftw6FyrZOxYSh+9S7z7TpeWlRt9zJ5IhM1WIL334jA=="
  "resolved" "https://registry.npmjs.org/@floating-ui/core/-/core-1.6.8.tgz"
  "version" "1.6.8"
  dependencies:
    "@floating-ui/utils" "^0.2.8"

"@floating-ui/dom@^1.0.1":
  "integrity" "sha512-NP83c0HjokcGVEMeoStg317VD9W7eDlGK7457dMBANbKA6GJZdc7rjujdgqzTaz93jkGgc5P/jeWbaCHnMNc+w=="
  "resolved" "https://registry.npmjs.org/@floating-ui/dom/-/dom-1.6.12.tgz"
  "version" "1.6.12"
  dependencies:
    "@floating-ui/core" "^1.6.0"
    "@floating-ui/utils" "^0.2.8"

"@floating-ui/utils@^0.2.8":
  "integrity" "sha512-kym7SodPp8/wloecOpcmSnWJsK7M0E5Wg8UcFA+uO4B9s5d0ywXOEro/8HM9x0rW+TljRzul/14UYz3TleT3ig=="
  "resolved" "https://registry.npmjs.org/@floating-ui/utils/-/utils-0.2.8.tgz"
  "version" "0.2.8"

"@jridgewell/gen-mapping@^0.3.5":
  "integrity" "sha512-imAbBGkb+ebQyxKgzv5Hu2nmROxoDOXHh80evxdoXNOrvAnVx7zimzc1Oo5h9RlfV4vPXaE2iM5pOFbvOCClWA=="
  "resolved" "https://registry.npmjs.org/@jridgewell/gen-mapping/-/gen-mapping-0.3.8.tgz"
  "version" "0.3.8"
  dependencies:
    "@jridgewell/set-array" "^1.2.1"
    "@jridgewell/sourcemap-codec" "^1.4.10"
    "@jridgewell/trace-mapping" "^0.3.24"

"@jridgewell/resolve-uri@^3.1.0":
  "integrity" "sha512-bRISgCIjP20/tbWSPWMEi54QVPRZExkuD9lJL+UIxUKtwVJA8wW1Trb1jMs1RFXo1CBTNZ/5hpC9QvmKWdopKw=="
  "resolved" "https://registry.npmjs.org/@jridgewell/resolve-uri/-/resolve-uri-3.1.2.tgz"
  "version" "3.1.2"

"@jridgewell/set-array@^1.2.1":
  "integrity" "sha512-R8gLRTZeyp03ymzP/6Lil/28tGeGEzhx1q2k703KGWRAI1VdvPIXdG70VJc2pAMw3NA6JKL5hhFu1sJX0Mnn/A=="
  "resolved" "https://registry.npmjs.org/@jridgewell/set-array/-/set-array-1.2.1.tgz"
  "version" "1.2.1"

"@jridgewell/source-map@^0.3.3":
  "integrity" "sha512-1ZJTZebgqllO79ue2bm3rIGud/bOe0pP5BjSRCRxxYkEZS8STV7zN84UBbiYu7jy+eCKSnVIUgoWWE/tt+shMQ=="
  "resolved" "https://registry.npmjs.org/@jridgewell/source-map/-/source-map-0.3.6.tgz"
  "version" "0.3.6"
  dependencies:
    "@jridgewell/gen-mapping" "^0.3.5"
    "@jridgewell/trace-mapping" "^0.3.25"

"@jridgewell/sourcemap-codec@^1.4.10", "@jridgewell/sourcemap-codec@^1.4.14", "@jridgewell/sourcemap-codec@^1.5.0":
  "integrity" "sha512-gv3ZRaISU3fjPAgNsriBRqGWQL6quFx04YMPW/zD8XMLsU32mhCCbfbO6KZFLjvYpCZ8zyDEgqsgf+PwPaM7GQ=="
  "resolved" "https://registry.npmmirror.com/@jridgewell/sourcemap-codec/-/sourcemap-codec-1.5.0.tgz"
  "version" "1.5.0"

"@jridgewell/trace-mapping@^0.3.24", "@jridgewell/trace-mapping@^0.3.25":
  "integrity" "sha512-vNk6aEwybGtawWmy/PzwnGDOjCkLWSD2wqvjGGAgOAwCGWySYXfYoxt00IJkTF+8Lb57DwOb3Aa0o9CApepiYQ=="
  "resolved" "https://registry.npmjs.org/@jridgewell/trace-mapping/-/trace-mapping-0.3.25.tgz"
  "version" "0.3.25"
  dependencies:
    "@jridgewell/resolve-uri" "^3.1.0"
    "@jridgewell/sourcemap-codec" "^1.4.14"

"@parcel/watcher-darwin-arm64@2.5.0":
  "integrity" "sha512-hyZ3TANnzGfLpRA2s/4U1kbw2ZI4qGxaRJbBH2DCSREFfubMswheh8TeiC1sGZ3z2jUf3s37P0BBlrD3sjVTUw=="
  "resolved" "https://registry.npmjs.org/@parcel/watcher-darwin-arm64/-/watcher-darwin-arm64-2.5.0.tgz"
  "version" "2.5.0"

"@parcel/watcher@^2.4.1":
  "integrity" "sha512-i0GV1yJnm2n3Yq1qw6QrUrd/LI9bE8WEBOTtOkpCXHHdyN3TAGgqAK/DAT05z4fq2x04cARXt2pDmjWjL92iTQ=="
  "resolved" "https://registry.npmjs.org/@parcel/watcher/-/watcher-2.5.0.tgz"
  "version" "2.5.0"
  dependencies:
    "detect-libc" "^1.0.3"
    "is-glob" "^4.0.3"
    "micromatch" "^4.0.5"
    "node-addon-api" "^7.0.0"
  optionalDependencies:
    "@parcel/watcher-android-arm64" "2.5.0"
    "@parcel/watcher-darwin-arm64" "2.5.0"
    "@parcel/watcher-darwin-x64" "2.5.0"
    "@parcel/watcher-freebsd-x64" "2.5.0"
    "@parcel/watcher-linux-arm-glibc" "2.5.0"
    "@parcel/watcher-linux-arm-musl" "2.5.0"
    "@parcel/watcher-linux-arm64-glibc" "2.5.0"
    "@parcel/watcher-linux-arm64-musl" "2.5.0"
    "@parcel/watcher-linux-x64-glibc" "2.5.0"
    "@parcel/watcher-linux-x64-musl" "2.5.0"
    "@parcel/watcher-win32-arm64" "2.5.0"
    "@parcel/watcher-win32-ia32" "2.5.0"
    "@parcel/watcher-win32-x64" "2.5.0"

"@popperjs/core@npm:@sxzz/popperjs-es@^2.11.7":
  "integrity" "sha512-Ccy0NlLkzr0Ex2FKvh2X+OyERHXJ88XJ1MXtsI9y9fGexlaXaVTPzBCRBwIxFkORuOb+uBqeu+RqnpgYTEZRUQ=="
  "resolved" "https://registry.npmjs.org/@sxzz/popperjs-es/-/popperjs-es-2.11.7.tgz"
  "version" "2.11.7"

"@types/lodash-es@*", "@types/lodash-es@^4.17.6":
  "integrity" "sha512-0NgftHUcV4v34VhXm8QBSftKVXtbkBG3ViCjs6+eJ5a6y6Mi/jiFGPc1sC7QK+9BFhWrURE3EOggmWaSxL9OzQ=="
  "resolved" "https://registry.npmjs.org/@types/lodash-es/-/lodash-es-4.17.12.tgz"
  "version" "4.17.12"
  dependencies:
    "@types/lodash" "*"

"@types/lodash@*", "@types/lodash@^4.14.182":
  "integrity" "sha512-lfx+dftrEZcdBPczf9d0Qv0x+j/rfNCMuC6OcfXmO8gkfeNAY88PgKUbvG56whcN23gc27yenwF6oJZXGFpYxg=="
  "resolved" "https://registry.npmjs.org/@types/lodash/-/lodash-4.17.13.tgz"
  "version" "4.17.13"

"@types/node@*", "@types/node@>= 14":
  "integrity" "sha512-Xxr6BBRCAOQixvonOye19wnzyDiUtTeqldOOmj3CkeblonbccA12PFwlufvRdrpjXxqnmUaeiU5EOA+7s5diUQ=="
  "resolved" "https://registry.npmjs.org/@types/node/-/node-22.10.2.tgz"
  "version" "22.10.2"
  dependencies:
    "undici-types" "~6.20.0"

"@types/web-bluetooth@^0.0.16":
  "integrity" "sha512-oh8q2Zc32S6gd/j50GowEjKLoOVOwHP/bWVjKJInBwQqdOYMdPrf1oVlelTlyfFK3CKxL1uahMDAr+vy8T7yMQ=="
  "resolved" "https://registry.npmjs.org/@types/web-bluetooth/-/web-bluetooth-0.0.16.tgz"
  "version" "0.0.16"

"@vitejs/plugin-vue@^3.2.0":
  "integrity" "sha512-E0tnaL4fr+qkdCNxJ+Xd0yM31UwMkQje76fsDVBBUCoGOUPexu2VDUYHL8P4CwV+zMvWw6nlRw19OnRKmYAJpw=="
  "resolved" "https://registry.npmmirror.com/@vitejs/plugin-vue/-/plugin-vue-3.2.0.tgz"
  "version" "3.2.0"

"@vue/compiler-core@3.5.13":
  "integrity" "sha512-oOdAkwqUfW1WqpwSYJce06wvt6HljgY3fGeM9NcVA1HaYOij3mZG9Rkysn0OHuyUAGMbEbARIpsG+LPVlBJ5/Q=="
  "resolved" "https://registry.npmmirror.com/@vue/compiler-core/-/compiler-core-3.5.13.tgz"
  "version" "3.5.13"
  dependencies:
    "@babel/parser" "^7.25.3"
    "@vue/shared" "3.5.13"
    "entities" "^4.5.0"
    "estree-walker" "^2.0.2"
    "source-map-js" "^1.2.0"

"@vue/compiler-dom@3.5.13":
  "integrity" "sha512-ZOJ46sMOKUjO3e94wPdCzQ6P1Lx/vhp2RSvfaab88Ajexs0AHeV0uasYhi99WPaogmBlRHNRuly8xV75cNTMDA=="
  "resolved" "https://registry.npmmirror.com/@vue/compiler-dom/-/compiler-dom-3.5.13.tgz"
  "version" "3.5.13"
  dependencies:
    "@vue/compiler-core" "3.5.13"
    "@vue/shared" "3.5.13"

"@vue/compiler-sfc@3.5.13":
  "integrity" "sha512-6VdaljMpD82w6c2749Zhf5T9u5uLBWKnVue6XWxprDobftnletJ8+oel7sexFfM3qIxNmVE7LSFGTpv6obNyaQ=="
  "resolved" "https://registry.npmmirror.com/@vue/compiler-sfc/-/compiler-sfc-3.5.13.tgz"
  "version" "3.5.13"
  dependencies:
    "@babel/parser" "^7.25.3"
    "@vue/compiler-core" "3.5.13"
    "@vue/compiler-dom" "3.5.13"
    "@vue/compiler-ssr" "3.5.13"
    "@vue/shared" "3.5.13"
    "estree-walker" "^2.0.2"
    "magic-string" "^0.30.11"
    "postcss" "^8.4.48"
    "source-map-js" "^1.2.0"

"@vue/compiler-ssr@3.5.13":
  "integrity" "sha512-wMH6vrYHxQl/IybKJagqbquvxpWCuVYpoUJfCqFZwa/JY1GdATAQ+TgVtgrwwMZ0D07QhA99rs/EAAWfvG6KpA=="
  "resolved" "https://registry.npmmirror.com/@vue/compiler-ssr/-/compiler-ssr-3.5.13.tgz"
  "version" "3.5.13"
  dependencies:
    "@vue/compiler-dom" "3.5.13"
    "@vue/shared" "3.5.13"

"@vue/devtools-api@^6.6.3", "@vue/devtools-api@^6.6.4":
  "integrity" "sha512-sGhTPMuXqZ1rVOk32RylztWkfXTRhuS7vgAKv0zjqk8gbsHkJ7xfFf+jbySxt7tWObEJwyKaHMikV/WGDiQm8g=="
  "resolved" "https://registry.npmmirror.com/@vue/devtools-api/-/devtools-api-6.6.4.tgz"
  "version" "6.6.4"

"@vue/reactivity@3.5.13":
  "integrity" "sha512-NaCwtw8o48B9I6L1zl2p41OHo/2Z4wqYGGIK1Khu5T7yxrn+ATOixn/Udn2m+6kZKB/J7cuT9DbWWhRxqixACg=="
  "resolved" "https://registry.npmmirror.com/@vue/reactivity/-/reactivity-3.5.13.tgz"
  "version" "3.5.13"
  dependencies:
    "@vue/shared" "3.5.13"

"@vue/runtime-core@3.5.13":
  "integrity" "sha512-Fj4YRQ3Az0WTZw1sFe+QDb0aXCerigEpw418pw1HBUKFtnQHWzwojaukAs2X/c9DQz4MQ4bsXTGlcpGxU/RCIw=="
  "resolved" "https://registry.npmmirror.com/@vue/runtime-core/-/runtime-core-3.5.13.tgz"
  "version" "3.5.13"
  dependencies:
    "@vue/reactivity" "3.5.13"
    "@vue/shared" "3.5.13"

"@vue/runtime-dom@3.5.13":
  "integrity" "sha512-dLaj94s93NYLqjLiyFzVs9X6dWhTdAlEAciC3Moq7gzAc13VJUdCnjjRurNM6uTLFATRHexHCTu/Xp3eW6yoog=="
  "resolved" "https://registry.npmmirror.com/@vue/runtime-dom/-/runtime-dom-3.5.13.tgz"
  "version" "3.5.13"
  dependencies:
    "@vue/reactivity" "3.5.13"
    "@vue/runtime-core" "3.5.13"
    "@vue/shared" "3.5.13"
    "csstype" "^3.1.3"

"@vue/server-renderer@3.5.13":
  "integrity" "sha512-wAi4IRJV/2SAW3htkTlB+dHeRmpTiVIK1OGLWV1yeStVSebSQQOwGwIq0D3ZIoBj2C2qpgz5+vX9iEBkTdk5YA=="
  "resolved" "https://registry.npmmirror.com/@vue/server-renderer/-/server-renderer-3.5.13.tgz"
  "version" "3.5.13"
  dependencies:
    "@vue/compiler-ssr" "3.5.13"
    "@vue/shared" "3.5.13"

"@vue/shared@3.5.13":
  "integrity" "sha512-/hnE/qP5ZoGpol0a5mDi45bOd7t3tjYJBjsgCsivow7D48cJeV5l05RD82lPqi7gRiphZM37rnhW1l6ZoCNNnQ=="
  "resolved" "https://registry.npmmirror.com/@vue/shared/-/shared-3.5.13.tgz"
  "version" "3.5.13"

"@vueuse/core@^9.1.0":
  "integrity" "sha512-pujnclbeHWxxPRqXWmdkKV5OX4Wk4YeK7wusHqRwU0Q7EFusHoqNA/aPhB6KCh9hEqJkLAJo7bb0Lh9b+OIVzw=="
  "resolved" "https://registry.npmjs.org/@vueuse/core/-/core-9.13.0.tgz"
  "version" "9.13.0"
  dependencies:
    "@types/web-bluetooth" "^0.0.16"
    "@vueuse/metadata" "9.13.0"
    "@vueuse/shared" "9.13.0"
    "vue-demi" "*"

"@vueuse/metadata@9.13.0":
  "integrity" "sha512-gdU7TKNAUVlXXLbaF+ZCfte8BjRJQWPCa2J55+7/h+yDtzw3vOoGQDRXzI6pyKyo6bXFT5/QoPE4hAknExjRLQ=="
  "resolved" "https://registry.npmjs.org/@vueuse/metadata/-/metadata-9.13.0.tgz"
  "version" "9.13.0"

"@vueuse/shared@9.13.0":
  "integrity" "sha512-UrnhU+Cnufu4S6JLCPZnkWh0WwZGUp72ktOF2DFptMlOs3TOdVv8xJN53zhHGARmVOsz5KqOls09+J1NR6sBKw=="
  "resolved" "https://registry.npmjs.org/@vueuse/shared/-/shared-9.13.0.tgz"
  "version" "9.13.0"
  dependencies:
    "vue-demi" "*"

"acorn@^8.8.2":
  "integrity" "sha512-cl669nCJTZBsL97OF4kUQm5g5hC2uihk0NxY3WENAC0TYdILVkAyHymAntgxGkl7K+t0cXIrH5siy5S4XkFycA=="
  "resolved" "https://registry.npmjs.org/acorn/-/acorn-8.14.0.tgz"
  "version" "8.14.0"

"async-validator@^4.2.5":
  "integrity" "sha512-7HhHjtERjqlNbZtqNqy2rckN/SpOOlmDliet+lP7k+eKZEjPk3DgyeU9lIXLdeLz0uBbbVp+9Qdow9wJWgwwfg=="
  "resolved" "https://registry.npmjs.org/async-validator/-/async-validator-4.2.5.tgz"
  "version" "4.2.5"

"asynckit@^0.4.0":
  "integrity" "sha512-Oei9OH4tRh0YqU3GxhX79dM/mwVgvbZJaSNaRk+bshkj0S5cfHcgYakreBjrHwatXKbz+IoIdYLxrKim2MjW0Q=="
  "resolved" "https://registry.npmmirror.com/asynckit/-/asynckit-0.4.0.tgz"
  "version" "0.4.0"

"axios@^1.7.8":
  "integrity" "sha512-Uu0wb7KNqK2t5K+YQyVCLM76prD5sRFjKHbJYCP1J7JFGEQ6nN7HWn9+04LAeiJ3ji54lgS/gZCH1oxyrf1SPw=="
  "resolved" "https://registry.npmmirror.com/axios/-/axios-1.7.8.tgz"
  "version" "1.7.8"
  dependencies:
    "follow-redirects" "^1.15.6"
    "form-data" "^4.0.0"
    "proxy-from-env" "^1.1.0"

"braces@^3.0.3":
  "integrity" "sha512-yQbXgO/OSZVD2IsiLlro+7Hf6Q18EJrKSEsdoMzKePKXct3gvD8oLcOQdIzGupr5Fj+EDe8gO/lxc1BzfMpxvA=="
  "resolved" "https://registry.npmjs.org/braces/-/braces-3.0.3.tgz"
  "version" "3.0.3"
  dependencies:
    "fill-range" "^7.1.1"

"buffer-from@^1.0.0":
  "integrity" "sha512-E+XQCRwSbaaiChtv6k6Dwgc+bx+Bs6vuKJHHl5kox/BaKbhiXzqQOwK4cO22yElGp2OCmjwVhT3HmxgyPGnJfQ=="
  "resolved" "https://registry.npmjs.org/buffer-from/-/buffer-from-1.1.2.tgz"
  "version" "1.1.2"

"chokidar@^4.0.0":
  "integrity" "sha512-Qgzu8kfBvo+cA4962jnP1KkS6Dop5NS6g7R5LFYJr4b8Ub94PPQXUksCw9PvXoeXPRRddRNC5C1JQUR2SMGtnA=="
  "resolved" "https://registry.npmjs.org/chokidar/-/chokidar-4.0.3.tgz"
  "version" "4.0.3"
  dependencies:
    "readdirp" "^4.0.1"

"combined-stream@^1.0.8":
  "integrity" "sha512-FQN4MRfuJeHf7cBbBMJFXhKSDq+2kAArBlmRBvcvFE5BB1HZKXtSFASDhdlz9zOYwxh8lDdnvmMOe/+5cdoEdg=="
  "resolved" "https://registry.npmmirror.com/combined-stream/-/combined-stream-1.0.8.tgz"
  "version" "1.0.8"
  dependencies:
    "delayed-stream" "~1.0.0"

"commander@^2.20.0":
  "integrity" "sha512-GpVkmM8vF2vQUkj2LvZmD35JxeJOLCwJ9cUkugyk2nuhbv3+mJvpLYYt+0+USMxE+oj+ey/lJEnhZw75x/OMcQ=="
  "resolved" "https://registry.npmjs.org/commander/-/commander-2.20.3.tgz"
  "version" "2.20.3"

"copy-anything@^2.0.1":
  "integrity" "sha512-1j20GZTsvKNkc4BY3NpMOM8tt///wY3FpIzozTOFO2ffuZcV61nojHXVKIy3WM+7ADCy5FVhdZYHYDdgTU0yJw=="
  "resolved" "https://registry.npmmirror.com/copy-anything/-/copy-anything-2.0.6.tgz"
  "version" "2.0.6"
  dependencies:
    "is-what" "^3.14.1"

"csstype@^3.1.3":
  "integrity" "sha512-M1uQkMl8rQK/szD0LNhtqxIPLpimGm8sOBwU7lLnCpSbTyY3yeU1Vc7l4KT5zT4s/yOxHH5O7tIuuLOCnLADRw=="
  "resolved" "https://registry.npmmirror.com/csstype/-/csstype-3.1.3.tgz"
  "version" "3.1.3"

"dayjs@^1.11.13":
  "integrity" "sha512-oaMBel6gjolK862uaPQOVTA7q3TZhuSvuMQAAglQDOWYO9A91IrAOUJEyKVlqJlHE0vq5p5UXxzdPfMH/x6xNg=="
  "resolved" "https://registry.npmjs.org/dayjs/-/dayjs-1.11.13.tgz"
  "version" "1.11.13"

"delayed-stream@~1.0.0":
  "integrity" "sha512-ZySD7Nf91aLB0RxL4KGrKHBXl7Eds1DAmEdcoVawXnLD7SDhpNgtuII2aAkg7a7QS41jxPSZ17p4VdGnMHk3MQ=="
  "resolved" "https://registry.npmmirror.com/delayed-stream/-/delayed-stream-1.0.0.tgz"
  "version" "1.0.0"

"detect-libc@^1.0.3":
  "integrity" "sha512-pGjwhsmsp4kL2RTz08wcOlGN83otlqHeD/Z5T8GXZB+/YcpQ/dgo+lbU8ZsGxV0HIvqqxo9l7mqYwyYMD9bKDg=="
  "resolved" "https://registry.npmjs.org/detect-libc/-/detect-libc-1.0.3.tgz"
  "version" "1.0.3"

"echarts@^5.4.0":
  "integrity" "sha512-Fce8upazaAXUVUVsjgV6mBnGuqgO+JNDlcgF79Dksy4+wgGpQB2lmYoO4TSweFg/mZITdpGHomw/cNBJZj1icA=="
  "resolved" "https://registry.npmmirror.com/echarts/-/echarts-5.5.1.tgz"
  "version" "5.5.1"
  dependencies:
    "tslib" "2.3.0"
    "zrender" "5.6.0"

"element-plus@^2.9.1":
  "integrity" "sha512-9Agqf/jt4Ugk7EZ6C5LME71sgkvauPCsnvJN12Xid2XVobjufxMGpRE4L7pS4luJMOmFAH3J0NgYEGZT5r+NDg=="
  "resolved" "https://registry.npmjs.org/element-plus/-/element-plus-2.9.1.tgz"
  "version" "2.9.1"
  dependencies:
    "@ctrl/tinycolor" "^3.4.1"
    "@element-plus/icons-vue" "^2.3.1"
    "@floating-ui/dom" "^1.0.1"
    "@popperjs/core" "npm:@sxzz/popperjs-es@^2.11.7"
    "@types/lodash" "^4.14.182"
    "@types/lodash-es" "^4.17.6"
    "@vueuse/core" "^9.1.0"
    "async-validator" "^4.2.5"
    "dayjs" "^1.11.13"
    "escape-html" "^1.0.3"
    "lodash" "^4.17.21"
    "lodash-es" "^4.17.21"
    "lodash-unified" "^1.0.2"
    "memoize-one" "^6.0.0"
    "normalize-wheel-es" "^1.2.0"

"entities@^4.5.0":
  "integrity" "sha512-V0hjH4dGPh9Ao5p0MoRY6BVqtwCjhz6vI5LT8AJ55H+4g9/4vbHx1I54fS0XuclLhDHArPQCiMjDxjaL8fPxhw=="
  "resolved" "https://registry.npmmirror.com/entities/-/entities-4.5.0.tgz"
  "version" "4.5.0"

"errno@^0.1.1":
  "integrity" "sha512-dJ6oBr5SQ1VSd9qkk7ByRgb/1SH4JZjCHSW/mr63/QcXO9zLVxvJ6Oy13nio03rxpSnVDDjFor75SjVeZWPW/A=="
  "resolved" "https://registry.npmmirror.com/errno/-/errno-0.1.8.tgz"
  "version" "0.1.8"
  dependencies:
    "prr" "~1.0.1"

"esbuild-darwin-arm64@0.15.18":
  "integrity" "sha512-tKPSxcTJ5OmNb1btVikATJ8NftlyNlc8BVNtyT/UAr62JFOhwHlnoPrhYWz09akBLHI9nElFVfWSTSRsrZiDUA=="
  "resolved" "https://registry.npmmirror.com/esbuild-darwin-arm64/-/esbuild-darwin-arm64-0.15.18.tgz"
  "version" "0.15.18"

"esbuild@^0.15.9":
  "integrity" "sha512-x/R72SmW3sSFRm5zrrIjAhCeQSAWoni3CmHEqfQrZIQTM3lVCdehdwuIqaOtfC2slvpdlLa62GYoN8SxT23m6Q=="
  "resolved" "https://registry.npmmirror.com/esbuild/-/esbuild-0.15.18.tgz"
  "version" "0.15.18"
  optionalDependencies:
    "@esbuild/android-arm" "0.15.18"
    "@esbuild/linux-loong64" "0.15.18"
    "esbuild-android-64" "0.15.18"
    "esbuild-android-arm64" "0.15.18"
    "esbuild-darwin-64" "0.15.18"
    "esbuild-darwin-arm64" "0.15.18"
    "esbuild-freebsd-64" "0.15.18"
    "esbuild-freebsd-arm64" "0.15.18"
    "esbuild-linux-32" "0.15.18"
    "esbuild-linux-64" "0.15.18"
    "esbuild-linux-arm" "0.15.18"
    "esbuild-linux-arm64" "0.15.18"
    "esbuild-linux-mips64le" "0.15.18"
    "esbuild-linux-ppc64le" "0.15.18"
    "esbuild-linux-riscv64" "0.15.18"
    "esbuild-linux-s390x" "0.15.18"
    "esbuild-netbsd-64" "0.15.18"
    "esbuild-openbsd-64" "0.15.18"
    "esbuild-sunos-64" "0.15.18"
    "esbuild-windows-32" "0.15.18"
    "esbuild-windows-64" "0.15.18"
    "esbuild-windows-arm64" "0.15.18"

"escape-html@^1.0.3":
  "integrity" "sha512-NiSupZ4OeuGwr68lGIeym/ksIZMJodUGOSCZ/FSnTxcrekbvqrgdUxlJOMpijaKZVjAJrWrGs/6Jy8OMuyj9ow=="
  "resolved" "https://registry.npmjs.org/escape-html/-/escape-html-1.0.3.tgz"
  "version" "1.0.3"

"estree-walker@^2.0.2":
  "integrity" "sha512-Rfkk/Mp/DL7JVje3u18FxFujQlTNR2q6QfMSMB7AvCBx91NGj/ba3kCfza0f6dVDbw7YlRf/nDrn7pQrCCyQ/w=="
  "resolved" "https://registry.npmmirror.com/estree-walker/-/estree-walker-2.0.2.tgz"
  "version" "2.0.2"

"fill-range@^7.1.1":
  "integrity" "sha512-YsGpe3WHLK8ZYi4tWDg2Jy3ebRz2rXowDxnld4bkQB00cc/1Zw9AWnC0i9ztDJitivtQvaI9KaLyKrc+hBW0yg=="
  "resolved" "https://registry.npmjs.org/fill-range/-/fill-range-7.1.1.tgz"
  "version" "7.1.1"
  dependencies:
    "to-regex-range" "^5.0.1"

"follow-redirects@^1.15.6":
  "integrity" "sha512-gew4GsXizNgdoRyqmyfMHyAmXsZDk6mHkSxZFCzW9gwlbtOW44CDtYavM+y+72qD/Vq2l550kMF52DT8fOLJqQ=="
  "resolved" "https://registry.npmmirror.com/follow-redirects/-/follow-redirects-1.15.9.tgz"
  "version" "1.15.9"

"form-data@^4.0.0":
  "integrity" "sha512-tzN8e4TX8+kkxGPK8D5u0FNmjPUjw3lwC9lSLxxoB/+GtsJG91CO8bSWy73APlgAZzZbXEYZJuxjkHH2w+Ezhw=="
  "resolved" "https://registry.npmmirror.com/form-data/-/form-data-4.0.1.tgz"
  "version" "4.0.1"
  dependencies:
    "asynckit" "^0.4.0"
    "combined-stream" "^1.0.8"
    "mime-types" "^2.1.12"

"fsevents@~2.3.2":
  "integrity" "sha512-5xoDfX+fL7faATnagmWPpbFtwh/R77WmMMqqHGS65C3vvB0YHrgF+B1YmZ3441tMj5n63k0212XNoJwzlhffQw=="
  "resolved" "https://registry.npmmirror.com/fsevents/-/fsevents-2.3.3.tgz"
  "version" "2.3.3"

"function-bind@^1.1.2":
  "integrity" "sha512-7XHNxH7qX9xG5mIwxkhumTox/MIRNcOgDrxWsMt2pAr23WHp6MrRlN7FBSFpCpr+oVO0F744iUgR82nJMfG2SA=="
  "resolved" "https://registry.npmmirror.com/function-bind/-/function-bind-1.1.2.tgz"
  "version" "1.1.2"

"graceful-fs@^4.1.2":
  "integrity" "sha512-RbJ5/jmFcNNCcDV5o9eTnBLJ/HszWV0P73bc+Ff4nS/rJj+YaS6IGyiOL0VoBYX+l1Wrl3k63h/KrH+nhJ0XvQ=="
  "resolved" "https://registry.npmmirror.com/graceful-fs/-/graceful-fs-4.2.11.tgz"
  "version" "4.2.11"

"has-flag@^4.0.0":
  "integrity" "sha512-EykJT/Q1KjTWctppgIAgfSO0tKVuZUjhgMr17kqTumMl6Afv3EISleU7qZUzoXDFTAHTDC4NOoG/ZxU3EvlMPQ=="
  "resolved" "https://registry.npmjs.org/has-flag/-/has-flag-4.0.0.tgz"
  "version" "4.0.0"

"hasown@^2.0.2":
  "integrity" "sha512-0hJU9SCPvmMzIBdZFqNPXWa6dqh7WdH0cII9y+CyS8rG3nL48Bclra9HmKhVVUHyPWNH5Y7xDwAB7bfgSjkUMQ=="
  "resolved" "https://registry.npmmirror.com/hasown/-/hasown-2.0.2.tgz"
  "version" "2.0.2"
  dependencies:
    "function-bind" "^1.1.2"

"iconv-lite@^0.6.3":
  "integrity" "sha512-4fCk79wshMdzMp2rH06qWrJE4iolqLhCUH+OiuIgU++RB0+94NlDL81atO7GX55uUKueo0txHNtvEyI6D7WdMw=="
  "resolved" "https://registry.npmmirror.com/iconv-lite/-/iconv-lite-0.6.3.tgz"
  "version" "0.6.3"
  dependencies:
    "safer-buffer" ">= 2.1.2 < 3.0.0"

"image-size@~0.5.0":
  "integrity" "sha512-6TDAlDPZxUFCv+fuOkIoXT/V/f3Qbq8e37p+YOiYrUv3v9cc3/6x78VdfPgFVaB9dZYeLUfKgHRebpkm/oP2VQ=="
  "resolved" "https://registry.npmmirror.com/image-size/-/image-size-0.5.5.tgz"
  "version" "0.5.5"

"immutable@^5.0.2":
  "integrity" "sha512-P8IdPQHq3lA1xVeBRi5VPqUm5HDgKnx0Ru51wZz5mjxHr5n3RWhjIpOFU7ybkUxfB+5IToy+OLaHYDBIWsv+uw=="
  "resolved" "https://registry.npmjs.org/immutable/-/immutable-5.0.3.tgz"
  "version" "5.0.3"

"is-core-module@^2.13.0":
  "integrity" "sha512-z0vtXSwucUJtANQWldhbtbt7BnL0vxiFjIdDLAatwhDYty2bad6s+rijD6Ri4YuYJubLzIJLUidCh09e1djEVQ=="
  "resolved" "https://registry.npmmirror.com/is-core-module/-/is-core-module-2.15.1.tgz"
  "version" "2.15.1"
  dependencies:
    "hasown" "^2.0.2"

"is-extglob@^2.1.1":
  "integrity" "sha512-SbKbANkN603Vi4jEZv49LeVJMn4yGwsbzZworEoyEiutsN3nJYdbO36zfhGJ6QEDpOZIFkDtnq5JRxmvl3jsoQ=="
  "resolved" "https://registry.npmjs.org/is-extglob/-/is-extglob-2.1.1.tgz"
  "version" "2.1.1"

"is-glob@^4.0.3":
  "integrity" "sha512-xelSayHH36ZgE7ZWhli7pW34hNbNl8Ojv5KVmkJD4hBdD3th8Tfk9vYasLM+mXWOZhFkgZfxhLSnrwRr4elSSg=="
  "resolved" "https://registry.npmjs.org/is-glob/-/is-glob-4.0.3.tgz"
  "version" "4.0.3"
  dependencies:
    "is-extglob" "^2.1.1"

"is-number@^7.0.0":
  "integrity" "sha512-41Cifkg6e8TylSpdtTpeLVMqvSBEVzTttHvERD741+pnZ8ANv0004MRL43QKPDlK9cGvNp6NZWZUBlbGXYxxng=="
  "resolved" "https://registry.npmjs.org/is-number/-/is-number-7.0.0.tgz"
  "version" "7.0.0"

"is-what@^3.14.1":
  "integrity" "sha512-sNxgpk9793nzSs7bA6JQJGeIuRBQhAaNGG77kzYQgMkrID+lS6SlK07K5LaptscDlSaIgH+GPFzf+d75FVxozA=="
  "resolved" "https://registry.npmmirror.com/is-what/-/is-what-3.14.1.tgz"
  "version" "3.14.1"

"jest-worker@^26.2.1":
  "integrity" "sha512-KWYVV1c4i+jbMpaBC+U++4Va0cp8OisU185o73T1vo99hqi7w8tSJfUXYswwqqrjzwxa6KpRK54WhPvwf5w6PQ=="
  "resolved" "https://registry.npmjs.org/jest-worker/-/jest-worker-26.6.2.tgz"
  "version" "26.6.2"
  dependencies:
    "@types/node" "*"
    "merge-stream" "^2.0.0"
    "supports-color" "^7.0.0"

"js-tokens@^4.0.0":
  "integrity" "sha512-RdJUflcE3cUzKiMqQgsCu06FPu9UdIJO0beYbPhHN4k6apgJtifcoCtT9bcxOpYBtpD2kCM6Sbzg4CausW/PKQ=="
  "resolved" "https://registry.npmjs.org/js-tokens/-/js-tokens-4.0.0.tgz"
  "version" "4.0.0"

"less-loader@^12.2.0":
  "integrity" "sha512-MYUxjSQSBUQmowc0l5nPieOYwMzGPUaTzB6inNW/bdPEG9zOL3eAAD1Qw5ZxSPk7we5dMojHwNODYMV1hq4EVg=="
  "resolved" "https://registry.npmmirror.com/less-loader/-/less-loader-12.2.0.tgz"
  "version" "12.2.0"

"less@*", "less@^3.5.0 || ^4.0.0", "less@^4.2.1":
  "integrity" "sha512-CasaJidTIhWmjcqv0Uj5vccMI7pJgfD9lMkKtlnTHAdJdYK/7l8pM9tumLyJ0zhbD4KJLo/YvTj+xznQd5NBhg=="
  "resolved" "https://registry.npmmirror.com/less/-/less-4.2.1.tgz"
  "version" "4.2.1"
  dependencies:
    "copy-anything" "^2.0.1"
    "parse-node-version" "^1.0.1"
    "tslib" "^2.3.0"
  optionalDependencies:
    "errno" "^0.1.1"
    "graceful-fs" "^4.1.2"
    "image-size" "~0.5.0"
    "make-dir" "^2.1.0"
    "mime" "^1.4.1"
    "needle" "^3.1.0"
    "source-map" "~0.6.0"

"lodash-es@*", "lodash-es@^4.17.21":
  "integrity" "sha512-mKnC+QJ9pWVzv+C4/U3rRsHapFfHvQFoFB92e52xeyGMcX6/OlIl78je1u8vePzYZSkkogMPJ2yjxxsb89cxyw=="
  "resolved" "https://registry.npmjs.org/lodash-es/-/lodash-es-4.17.21.tgz"
  "version" "4.17.21"

"lodash-unified@^1.0.2":
  "integrity" "sha512-WK9qSozxXOD7ZJQlpSqOT+om2ZfcT4yO+03FuzAHD0wF6S0l0090LRPDx3vhTTLZ8cFKpBn+IOcVXK6qOcIlfQ=="
  "resolved" "https://registry.npmjs.org/lodash-unified/-/lodash-unified-1.0.3.tgz"
  "version" "1.0.3"

"lodash@*", "lodash@^4.17.21":
  "integrity" "sha512-v2kDEe57lecTulaDIuNTPy3Ry4gLGJ6Z1O3vE1krgXZNrsQ+LFTGHVxVjcXPs17LhbZVGedAJv8XZ1tvj5FvSg=="
  "resolved" "https://registry.npmjs.org/lodash/-/lodash-4.17.21.tgz"
  "version" "4.17.21"

"magic-string@^0.30.11":
  "integrity" "sha512-5c99P1WKTed11ZC0HMJOj6CDIue6F8ySu+bJL+85q1zBEIY8IklrJ1eiKC2NDRh3Ct3FcvmJPyQHb9erXMTJNw=="
  "resolved" "https://registry.npmmirror.com/magic-string/-/magic-string-0.30.14.tgz"
  "version" "0.30.14"
  dependencies:
    "@jridgewell/sourcemap-codec" "^1.5.0"

"make-dir@^2.1.0":
  "integrity" "sha512-LS9X+dc8KLxXCb8dni79fLIIUA5VyZoyjSMCwTluaXA0o27cCK0bhXkpgw+sTXVpPy/lSO57ilRixqk0vDmtRA=="
  "resolved" "https://registry.npmmirror.com/make-dir/-/make-dir-2.1.0.tgz"
  "version" "2.1.0"
  dependencies:
    "pify" "^4.0.1"
    "semver" "^5.6.0"

"memoize-one@^6.0.0":
  "integrity" "sha512-rkpe71W0N0c0Xz6QD0eJETuWAJGnJ9afsl1srmwPrI+yBCkge5EycXXbYRyvL29zZVUWQCY7InPRCv3GDXuZNw=="
  "resolved" "https://registry.npmjs.org/memoize-one/-/memoize-one-6.0.0.tgz"
  "version" "6.0.0"

"merge-stream@^2.0.0":
  "integrity" "sha512-abv/qOcuPfk3URPfDzmZU1LKmuw8kT+0nIHvKrKgFrwifol/doWcdA4ZqsWQ8ENrFKkd67Mfpo/LovbIUsbt3w=="
  "resolved" "https://registry.npmjs.org/merge-stream/-/merge-stream-2.0.0.tgz"
  "version" "2.0.0"

"micromatch@^4.0.5":
  "integrity" "sha512-PXwfBhYu0hBCPw8Dn0E+WDYb7af3dSLVWKi3HGv84IdF4TyFoC0ysxFd0Goxw7nSv4T/PzEJQxsYsEiFCKo2BA=="
  "resolved" "https://registry.npmjs.org/micromatch/-/micromatch-4.0.8.tgz"
  "version" "4.0.8"
  dependencies:
    "braces" "^3.0.3"
    "picomatch" "^2.3.1"

"mime-db@1.52.0":
  "integrity" "sha512-sPU4uV7dYlvtWJxwwxHD0PuihVNiE7TyAbQ5SWxDCB9mUYvOgroQOwYQQOKPJ8CIbE+1ETVlOoK1UC2nU3gYvg=="
  "resolved" "https://registry.npmmirror.com/mime-db/-/mime-db-1.52.0.tgz"
  "version" "1.52.0"

"mime-types@^2.1.12":
  "integrity" "sha512-ZDY+bPm5zTTF+YpCrAU9nK0UgICYPT0QtT1NZWFv4s++TNkcgVaT0g6+4R2uI4MjQjzysHB1zxuWL50hzaeXiw=="
  "resolved" "https://registry.npmmirror.com/mime-types/-/mime-types-2.1.35.tgz"
  "version" "2.1.35"
  dependencies:
    "mime-db" "1.52.0"

"mime@^1.4.1":
  "integrity" "sha512-x0Vn8spI+wuJ1O6S7gnbaQg8Pxh4NNHb7KSINmEWKiPE4RKOplvijn+NkmYmmRgP68mc70j2EbeTFRsrswaQeg=="
  "resolved" "https://registry.npmmirror.com/mime/-/mime-1.6.0.tgz"
  "version" "1.6.0"

"nanoid@^3.3.7":
  "integrity" "sha512-WNLf5Sd8oZxOm+TzppcYk8gVOgP+l58xNy58D0nbUnOxOWRWvlcCV4kUF7ltmI6PsrLl/BgKEyS4mqsGChFN0w=="
  "resolved" "https://registry.npmmirror.com/nanoid/-/nanoid-3.3.8.tgz"
  "version" "3.3.8"

"needle@^3.1.0":
  "integrity" "sha512-6k0YULvhpw+RoLNiQCRKOl09Rv1dPLr8hHnVjHqdolKwDrdNyk+Hmrthi4lIGPPz3r39dLx0hsF5s40sZ3Us4Q=="
  "resolved" "https://registry.npmmirror.com/needle/-/needle-3.3.1.tgz"
  "version" "3.3.1"
  dependencies:
    "iconv-lite" "^0.6.3"
    "sax" "^1.2.4"

"node-addon-api@^7.0.0":
  "integrity" "sha512-5m3bsyrjFWE1xf7nz7YXdN4udnVtXK6/Yfgn5qnahL6bCkf2yKt4k3nuTKAtT4r3IG8JNR2ncsIMdZuAzJjHQQ=="
  "resolved" "https://registry.npmjs.org/node-addon-api/-/node-addon-api-7.1.1.tgz"
  "version" "7.1.1"

"normalize-wheel-es@^1.2.0":
  "integrity" "sha512-Wj7+EJQ8mSuXr2iWfnujrimU35R2W4FAErEyTmJoJ7ucwTn2hOUSsRehMb5RSYkxXGTM7Y9QpvPmp++w5ftoJw=="
  "resolved" "https://registry.npmjs.org/normalize-wheel-es/-/normalize-wheel-es-1.2.0.tgz"
  "version" "1.2.0"

"parse-node-version@^1.0.1":
  "integrity" "sha512-3YHlOa/JgH6Mnpr05jP9eDG254US9ek25LyIxZlDItp2iJtwyaXQb57lBYLdT3MowkUFYEV2XXNAYIPlESvJlA=="
  "resolved" "https://registry.npmmirror.com/parse-node-version/-/parse-node-version-1.0.1.tgz"
  "version" "1.0.1"

"path-parse@^1.0.7":
  "integrity" "sha512-LDJzPVEEEPR+y48z93A0Ed0yXb8pAByGWo/k5YYdYgpY2/2EsOsksJrq7lOHxryrVOn1ejG6oAp8ahvOIQD8sw=="
  "resolved" "https://registry.npmmirror.com/path-parse/-/path-parse-1.0.7.tgz"
  "version" "1.0.7"

"picocolors@^1.0.0", "picocolors@^1.1.1":
  "integrity" "sha512-xceH2snhtb5M9liqDsmEw56le376mTZkEX/jEb/RxNFyegNul7eNslCXP9FDj/Lcu0X8KEyMceP2ntpaHrDEVA=="
  "resolved" "https://registry.npmmirror.com/picocolors/-/picocolors-1.1.1.tgz"
  "version" "1.1.1"

"picomatch@^2.3.1":
  "integrity" "sha512-JU3teHTNjmE2VCGFzuY8EXzCDVwEqB2a8fsIvwaStHhAWJEeVd1o1QD80CU6+ZdEXXSLbSsuLwJjkCBWqRQUVA=="
  "resolved" "https://registry.npmjs.org/picomatch/-/picomatch-2.3.1.tgz"
  "version" "2.3.1"

"pify@^4.0.1":
  "integrity" "sha512-uB80kBFb/tfd68bVleG9T5GGsGPjJrLAUpR5PZIrhBnIaRTQRjqdJSsIKkOP6OAIFbj7GOrcudc5pNjZ+geV2g=="
  "resolved" "https://registry.npmmirror.com/pify/-/pify-4.0.1.tgz"
  "version" "4.0.1"

"pinia@^2.2.8":
  "integrity" "sha512-NRTYy2g+kju5tBRe0oNlriZIbMNvma8ZJrpHsp3qudyiMEA8jMmPPKQ2QMHg0Oc4BkUyQYWagACabrwriCK9HQ=="
  "resolved" "https://registry.npmmirror.com/pinia/-/pinia-2.2.8.tgz"
  "version" "2.2.8"
  dependencies:
    "@vue/devtools-api" "^6.6.3"
    "vue-demi" "^0.14.10"

"postcss@^8.4.18", "postcss@^8.4.48":
  "integrity" "sha512-OCVPnIObs4N29kxTjzLfUryOkvZEq+pf8jTF0lg8E7uETuWHA+v7j3c/xJmiqpX450191LlmZfUKkXxkTry7nA=="
  "resolved" "https://registry.npmmirror.com/postcss/-/postcss-8.4.49.tgz"
  "version" "8.4.49"
  dependencies:
    "nanoid" "^3.3.7"
    "picocolors" "^1.1.1"
    "source-map-js" "^1.2.1"

"proxy-from-env@^1.1.0":
  "integrity" "sha512-D+zkORCbA9f1tdWRK0RaCR3GPv50cMxcrz4X8k5LTSUD1Dkw47mKJEZQNunItRTkWwgtaUSo1RVFRIG9ZXiFYg=="
  "resolved" "https://registry.npmmirror.com/proxy-from-env/-/proxy-from-env-1.1.0.tgz"
  "version" "1.1.0"

"prr@~1.0.1":
  "integrity" "sha512-yPw4Sng1gWghHQWj0B3ZggWUm4qVbPwPFcRG8KyxiU7J2OHFSoEHKS+EZ3fv5l1t9CyCiop6l/ZYeWbrgoQejw=="
  "resolved" "https://registry.npmmirror.com/prr/-/prr-1.0.1.tgz"
  "version" "1.0.1"

"randombytes@^2.1.0":
  "integrity" "sha512-vYl3iOX+4CKUWuxGi9Ukhie6fsqXqS9FE2Zaic4tNFD2N2QQaXOMFbuKK4QmDHC0JO6B1Zp41J0LpT0oR68amQ=="
  "resolved" "https://registry.npmjs.org/randombytes/-/randombytes-2.1.0.tgz"
  "version" "2.1.0"
  dependencies:
    "safe-buffer" "^5.1.0"

"readdirp@^4.0.1":
  "integrity" "sha512-yDMz9g+VaZkqBYS/ozoBJwaBhTbZo3UNYQHNRw1D3UFQB8oHB4uS/tAODO+ZLjGWmUbKnIlOWO+aaIiAxrUWHA=="
  "resolved" "https://registry.npmjs.org/readdirp/-/readdirp-4.0.2.tgz"
  "version" "4.0.2"

"resize-observer-polyfill@^1.5.1":
  "integrity" "sha512-LwZrotdHOo12nQuZlHEmtuXdqGoOD0OhaxopaNFxWzInpEgaLWoVuAMbTzixuosCx2nEG58ngzW3vxdWoxIgdg=="
  "resolved" "https://registry.npmmirror.com/resize-observer-polyfill/-/resize-observer-polyfill-1.5.1.tgz"
  "version" "1.5.1"

"resolve@^1.22.1":
  "integrity" "sha512-oKWePCxqpd6FlLvGV1VU0x7bkPmmCNolxzjMf4NczoDnQcIWrAF+cPtZn5i6n+RfD2d9i0tzpKnG6Yk168yIyw=="
  "resolved" "https://registry.npmmirror.com/resolve/-/resolve-1.22.8.tgz"
  "version" "1.22.8"
  dependencies:
    "is-core-module" "^2.13.0"
    "path-parse" "^1.0.7"
    "supports-preserve-symlinks-flag" "^1.0.0"

"rollup-plugin-terser@^7.0.2":
  "integrity" "sha512-w3iIaU4OxcF52UUXiZNsNeuXIMDvFrr+ZXK6bFZ0Q60qyVfq4uLptoS4bbq3paG3x216eQllFZX7zt6TIImguQ=="
  "resolved" "https://registry.npmjs.org/rollup-plugin-terser/-/rollup-plugin-terser-7.0.2.tgz"
  "version" "7.0.2"
  dependencies:
    "@babel/code-frame" "^7.10.4"
    "jest-worker" "^26.2.1"
    "serialize-javascript" "^4.0.0"
    "terser" "^5.0.0"

"rollup@^2.0.0", "rollup@^2.79.1":
  "integrity" "sha512-fS6iqSPZDs3dr/y7Od6y5nha8dW1YnbgtsyotCVvoFGKbERG++CVRFv1meyGDE1SNItQA8BrnCw7ScdAhRJ3XQ=="
  "resolved" "https://registry.npmmirror.com/rollup/-/rollup-2.79.2.tgz"
  "version" "2.79.2"
  optionalDependencies:
    "fsevents" "~2.3.2"

"rollup@^3.2.5":
  "integrity" "sha512-GVsDdsbJzzy4S/v3dqWPJ7EfvZJfCHiDqe80IyrF59LYuP+e6U1LJoUqeuqRbwAWoMNoXivMNeNAOf5E22VA1w=="
  "resolved" "https://registry.npmjs.org/rollup/-/rollup-3.29.5.tgz"
  "version" "3.29.5"
  optionalDependencies:
    "fsevents" "~2.3.2"

"safe-buffer@^5.1.0":
  "integrity" "sha512-rp3So07KcdmmKbGvgaNxQSJr7bGVSVk5S9Eq1F+ppbRo70+YeaDxkw5Dd8NPN+GD6bjnYm2VuPuCXmpuYvmCXQ=="
  "resolved" "https://registry.npmjs.org/safe-buffer/-/safe-buffer-5.2.1.tgz"
  "version" "5.2.1"

"safer-buffer@>= 2.1.2 < 3.0.0":
  "integrity" "sha512-YZo3K82SD7Riyi0E1EQPojLz7kpepnSQI9IyPbHHg1XXXevb5dJI7tpyN2ADxGcQbHG7vcyRHk0cbwqcQriUtg=="
  "resolved" "https://registry.npmmirror.com/safer-buffer/-/safer-buffer-2.1.2.tgz"
  "version" "2.1.2"

"sass@*", "sass@^1.83.0":
  "integrity" "sha512-qsSxlayzoOjdvXMVLkzF84DJFc2HZEL/rFyGIKbbilYtAvlCxyuzUeff9LawTn4btVnLKg75Z8MMr1lxU1lfGw=="
  "resolved" "https://registry.npmjs.org/sass/-/sass-1.83.0.tgz"
  "version" "1.83.0"
  dependencies:
    "chokidar" "^4.0.0"
    "immutable" "^5.0.2"
    "source-map-js" ">=0.6.2 <2.0.0"
  optionalDependencies:
    "@parcel/watcher" "^2.4.1"

"sax@^1.2.4":
  "integrity" "sha512-+aWOz7yVScEGoKNd4PA10LZ8sk0A/z5+nXQG5giUO5rprX9jgYsTdov9qCchZiPIZezbZH+jRut8nPodFAX4Jg=="
  "resolved" "https://registry.npmmirror.com/sax/-/sax-1.4.1.tgz"
  "version" "1.4.1"

"semver@^5.6.0":
  "integrity" "sha512-cBznnQ9KjJqU67B52RMC65CMarK2600WFnbkcaiwWq3xy/5haFJlshgnpjovMVJ+Hff49d8GEn0b87C5pDQ10g=="
  "resolved" "https://registry.npmmirror.com/semver/-/semver-5.7.2.tgz"
  "version" "5.7.2"

"serialize-javascript@^4.0.0":
  "integrity" "sha512-GaNA54380uFefWghODBWEGisLZFj00nS5ACs6yHa9nLqlLpVLO8ChDGeKRjZnV4Nh4n0Qi7nhYZD/9fCPzEqkw=="
  "resolved" "https://registry.npmjs.org/serialize-javascript/-/serialize-javascript-4.0.0.tgz"
  "version" "4.0.0"
  dependencies:
    "randombytes" "^2.1.0"

"source-map-js@^1.2.0", "source-map-js@^1.2.1", "source-map-js@>=0.6.2 <2.0.0":
  "integrity" "sha512-UXWMKhLOwVKb728IUtQPXxfYU+usdybtUrK/8uGE8CQMvrhOpwvzDBwj0QhSL7MQc7vIsISBG8VQ8+IDQxpfQA=="
  "resolved" "https://registry.npmmirror.com/source-map-js/-/source-map-js-1.2.1.tgz"
  "version" "1.2.1"

"source-map-support@~0.5.20":
  "integrity" "sha512-uBHU3L3czsIyYXKX88fdrGovxdSCoTGDRZ6SYXtSRxLZUzHg5P/66Ht6uoUlHu9EZod+inXhKo3qQgwXUT/y1w=="
  "resolved" "https://registry.npmjs.org/source-map-support/-/source-map-support-0.5.21.tgz"
  "version" "0.5.21"
  dependencies:
    "buffer-from" "^1.0.0"
    "source-map" "^0.6.0"

"source-map@^0.6.0", "source-map@~0.6.0":
  "integrity" "sha512-UjgapumWlbMhkBgzT7Ykc5YXUT46F0iKu8SGXq0bcwP5dz/h0Plj6enJqjz1Zbq2l5WaqYnrVbwWOWMyF3F47g=="
  "resolved" "https://registry.npmmirror.com/source-map/-/source-map-0.6.1.tgz"
  "version" "0.6.1"

"storages-js@^0.0.4":
  "integrity" "sha512-llxj8mkCYFwmsNccrVsg4GnA0JM2xefBymmRJcvfkao6K24uQFvlUnX6UVq5KtlHUC4q8nMBUP7P/6dj8+UBhQ=="
  "resolved" "https://registry.npmjs.org/storages-js/-/storages-js-0.0.4.tgz"
  "version" "0.0.4"
  dependencies:
    "rollup" "^3.2.5"
    "rollup-plugin-terser" "^7.0.2"

"supports-color@^7.0.0":
  "integrity" "sha512-qpCAvRl9stuOHveKsn7HncJRvv501qIacKzQlO/+Lwxc9+0q2wLyv4Dfvt80/DPn2pqOBsJdDiogXGR9+OvwRw=="
  "resolved" "https://registry.npmjs.org/supports-color/-/supports-color-7.2.0.tgz"
  "version" "7.2.0"
  dependencies:
    "has-flag" "^4.0.0"

"supports-preserve-symlinks-flag@^1.0.0":
  "integrity" "sha512-ot0WnXS9fgdkgIcePe6RHNk1WA8+muPa6cSjeR3V8K27q9BB1rTE3R1p7Hv0z1ZyAc8s6Vvv8DIyWf681MAt0w=="
  "resolved" "https://registry.npmmirror.com/supports-preserve-symlinks-flag/-/supports-preserve-symlinks-flag-1.0.0.tgz"
  "version" "1.0.0"

"terser@^5.0.0", "terser@^5.4.0":
  "integrity" "sha512-B8wRRkmre4ERucLM/uXx4MOV5cbnOlVAqUst+1+iLKPI0dOgFO28f84ptoQt9HEI537PMzfYa/d+GEPKTRXmYA=="
  "resolved" "https://registry.npmjs.org/terser/-/terser-5.37.0.tgz"
  "version" "5.37.0"
  dependencies:
    "@jridgewell/source-map" "^0.3.3"
    "acorn" "^8.8.2"
    "commander" "^2.20.0"
    "source-map-support" "~0.5.20"

"to-regex-range@^5.0.1":
  "integrity" "sha512-65P7iz6X5yEr1cwcgvQxbbIw7Uk3gOy5dIdtZ4rDveLqhrdJP+Li/Hx6tyK0NEb+2GCyneCMJiGqrADCSNk8sQ=="
  "resolved" "https://registry.npmjs.org/to-regex-range/-/to-regex-range-5.0.1.tgz"
  "version" "5.0.1"
  dependencies:
    "is-number" "^7.0.0"

"tslib@^2.3.0", "tslib@2.3.0":
  "integrity" "sha512-N82ooyxVNm6h1riLCoyS9e3fuJ3AMG2zIZs2Gd1ATcSFjSA23Q0fzjjZeh0jbJvWVDZ0cJT8yaNNaaXHzueNjg=="
  "resolved" "https://registry.npmmirror.com/tslib/-/tslib-2.3.0.tgz"
  "version" "2.3.0"

"undici-types@~6.20.0":
  "integrity" "sha512-Ny6QZ2Nju20vw1SRHe3d9jVu6gJ+4e3+MMpqu7pqE5HT6WsTSlce++GQmK5UXS8mzV8DSYHrQH+Xrf2jVcuKNg=="
  "resolved" "https://registry.npmjs.org/undici-types/-/undici-types-6.20.0.tgz"
  "version" "6.20.0"

"vite@^3.0.0", "vite@^3.2.3":
  "integrity" "sha512-K/jGKL/PgbIgKCiJo5QbASQhFiV02X9Jh+Qq0AKCRCRKZtOTVi4t6wh75FDpGf2N9rYOnzH87OEFQNaFy6pdxQ=="
  "resolved" "https://registry.npmmirror.com/vite/-/vite-3.2.11.tgz"
  "version" "3.2.11"
  dependencies:
    "esbuild" "^0.15.9"
    "postcss" "^8.4.18"
    "resolve" "^1.22.1"
    "rollup" "^2.79.1"
  optionalDependencies:
    "fsevents" "~2.3.2"

"vue-demi@*":
  "integrity" "sha512-nMZBOwuzabUO0nLgIcc6rycZEebF6eeUfaiQx9+WSk8e29IbLvPU9feI6tqW4kTo3hvoYAJkMh8n8D0fuISphg=="
  "resolved" "https://registry.npmjs.org/vue-demi/-/vue-demi-0.14.10.tgz"
  "version" "0.14.10"

"vue-demi@^0.14.10":
  "integrity" "sha512-nMZBOwuzabUO0nLgIcc6rycZEebF6eeUfaiQx9+WSk8e29IbLvPU9feI6tqW4kTo3hvoYAJkMh8n8D0fuISphg=="
  "resolved" "https://registry.npmmirror.com/vue-demi/-/vue-demi-0.14.10.tgz"
  "version" "0.14.10"

"vue-router@^4.5.0":
  "integrity" "sha512-HDuk+PuH5monfNuY+ct49mNmkCRK4xJAV9Ts4z9UFc4rzdDnxQLyCMGGc8pKhZhHTVzfanpNwB/lwqevcBwI4w=="
  "resolved" "https://registry.npmjs.org/vue-router/-/vue-router-4.5.0.tgz"
  "version" "4.5.0"
  dependencies:
    "@vue/devtools-api" "^6.6.4"

"vue@^2.6.14 || ^3.5.11", "vue@^3.0.0-0 || ^2.6.0", "vue@^3.2.0", "vue@^3.2.25", "vue@^3.2.41", "vue@3.5.13":
  "integrity" "sha512-wmeiSMxkZCSc+PM2w2VRsOYAZC8GdipNFRTsLSfodVqI9mbejKeXEGr8SckuLnrQPGe3oJN5c3K0vpoU9q/wCQ=="
  "resolved" "https://registry.npmmirror.com/vue/-/vue-3.5.13.tgz"
  "version" "3.5.13"
  dependencies:
    "@vue/compiler-dom" "3.5.13"
    "@vue/compiler-sfc" "3.5.13"
    "@vue/runtime-dom" "3.5.13"
    "@vue/server-renderer" "3.5.13"
    "@vue/shared" "3.5.13"

"zrender@5.6.0":
  "integrity" "sha512-uzgraf4njmmHAbEUxMJ8Oxg+P3fT04O+9p7gY+wJRVxo8Ge+KmYv0WJev945EH4wFuc4OY2NLXz46FZrWS9xJg=="
  "resolved" "https://registry.npmmirror.com/zrender/-/zrender-5.6.0.tgz"
  "version" "5.6.0"
  dependencies:
    "tslib" "2.3.0"
